{
    "version": 3,
    "terraform_version": "0.11.10",
    "serial": 3,
    "lineage": "25855ea1-8b72-0197-f127-2337b690c317",
    "modules": [
        {
            "path": [
                "root"
            ],
            "outputs": {},
            "resources": {
                "google_storage_bucket.nerdsville-tf-state-dev": {
                    "type": "google_storage_bucket",
                    "depends_on": [],
                    "primary": {
                        "id": "nerdsville-tf-state-dev1",
                        "attributes": {
                            "cors.#": "0",
                            "encryption.#": "0",
                            "force_destroy": "false",
                            "id": "nerdsville-tf-state-dev1",
                            "labels.%": "0",
                            "lifecycle_rule.#": "0",
                            "location": "US",
                            "logging.#": "0",
                            "name": "nerdsville-tf-state-dev1",
                            "project": "iron-decorator-223723",
                            "self_link": "https://www.googleapis.com/storage/v1/b/nerdsville-tf-state-dev1",
                            "storage_class": "STANDARD",
                            "url": "gs://nerdsville-tf-state-dev1",
                            "versioning.#": "0"
                        },
                        "meta": {},
                        "tainted": false
                    },
                    "deposed": [],
                    "provider": "provider.google"
                }
            },
            "depends_on": []
        }
    ]
}
